
Microsoft Visual Studio Solution File, Format Version 12.00
# Visual Studio Version 17
VisualStudioVersion = 17.5.002.0
MinimumVisualStudioVersion = 10.0.40219.1
Project("{9A19103F-16F7-4668-BE54-9A1E7A4F7556}") = "CFS.SK.Sustainability.Abstracts", "CFS.SK.Sustainability.Abstract\CFS.SK.Sustainability.Abstracts.csproj", "{C90CB81B-B776-4609-93D8-5872A12C8872}"
EndProject
Project("{9A19103F-16F7-4668-BE54-9A1E7A4F7556}") = "CFS.SK.Sustainability.AI", "CFS.SK.Sustainability.AI\CFS.SK.Sustainability.AI.csproj", "{B84C8323-F479-42A6-96E7-49CB84F03B04}"
EndProject
Project("{9A19103F-16F7-4668-BE54-9A1E7A4F7556}") = "CFS.SK.Sustainability.AI.Host", "CFS.SK.Sustainability.AI.Host\CFS.SK.Sustainability.AI.Host.csproj", "{37A90D69-85FB-449B-92C8-DA90CAAAE672}"
EndProject
Project("{9A19103F-16F7-4668-BE54-9A1E7A4F7556}") = "WebClient", "WebClient\WebClient.csproj", "{C2B7724C-FA59-47C4-83A4-CE6192561086}"
EndProject
Project("{9A19103F-16F7-4668-BE54-9A1E7A4F7556}") = "CFS.SK.Sustainability.AI.Storage", "CFS.SK.Sustainability.AI.Storage\CFS.SK.Sustainability.AI.Storage.csproj", "{D79330EA-C339-4729-A778-B2EE37EF7588}"
EndProject
Global
	GlobalSection(SolutionConfigurationPlatforms) = preSolution
		Debug|Any CPU = Debug|Any CPU
		Release|Any CPU = Release|Any CPU
	EndGlobalSection
	GlobalSection(ProjectConfigurationPlatforms) = postSolution
		{C90CB81B-B776-4609-93D8-5872A12C8872}.Debug|Any CPU.ActiveCfg = Debug|Any CPU
		{C90CB81B-B776-4609-93D8-5872A12C8872}.Debug|Any CPU.Build.0 = Debug|Any CPU
		{C90CB81B-B776-4609-93D8-5872A12C8872}.Release|Any CPU.ActiveCfg = Release|Any CPU
		{C90CB81B-B776-4609-93D8-5872A12C8872}.Release|Any CPU.Build.0 = Release|Any CPU
		{B84C8323-F479-42A6-96E7-49CB84F03B04}.Debug|Any CPU.ActiveCfg = Debug|Any CPU
		{B84C8323-F479-42A6-96E7-49CB84F03B04}.Debug|Any CPU.Build.0 = Debug|Any CPU
		{B84C8323-F479-42A6-96E7-49CB84F03B04}.Release|Any CPU.ActiveCfg = Release|Any CPU
		{B84C8323-F479-42A6-96E7-49CB84F03B04}.Release|Any CPU.Build.0 = Release|Any CPU
		{37A90D69-85FB-449B-92C8-DA90CAAAE672}.Debug|Any CPU.ActiveCfg = Debug|Any CPU
		{37A90D69-85FB-449B-92C8-DA90CAAAE672}.Debug|Any CPU.Build.0 = Debug|Any CPU
		{37A90D69-85FB-449B-92C8-DA90CAAAE672}.Release|Any CPU.ActiveCfg = Release|Any CPU
		{37A90D69-85FB-449B-92C8-DA90CAAAE672}.Release|Any CPU.Build.0 = Release|Any CPU
		{C2B7724C-FA59-47C4-83A4-CE6192561086}.Debug|Any CPU.ActiveCfg = Debug|Any CPU
		{C2B7724C-FA59-47C4-83A4-CE6192561086}.Debug|Any CPU.Build.0 = Debug|Any CPU
		{C2B7724C-FA59-47C4-83A4-CE6192561086}.Release|Any CPU.ActiveCfg = Release|Any CPU
		{C2B7724C-FA59-47C4-83A4-CE6192561086}.Release|Any CPU.Build.0 = Release|Any CPU
		{D79330EA-C339-4729-A778-B2EE37EF7588}.Debug|Any CPU.ActiveCfg = Debug|Any CPU
		{D79330EA-C339-4729-A778-B2EE37EF7588}.Debug|Any CPU.Build.0 = Debug|Any CPU
		{D79330EA-C339-4729-A778-B2EE37EF7588}.Release|Any CPU.ActiveCfg = Release|Any CPU
		{D79330EA-C339-4729-A778-B2EE37EF7588}.Release|Any CPU.Build.0 = Release|Any CPU
	EndGlobalSection
	GlobalSection(SolutionProperties) = preSolution
		HideSolutionNode = FALSE
	EndGlobalSection
	GlobalSection(ExtensibilityGlobals) = postSolution
		SolutionGuid = {3F25A1D9-B13F-4D0B-BE1F-B16C2ABF3F18}
	EndGlobalSection
EndGlobal
